
Microsoft Visual Studio Solution File, Format Version 12.00
# Visual Studio Version 17
VisualStudioVersion = 17.13.35818.85 d17.13
MinimumVisualStudioVersion = 10.0.40219.1
Project("{FAE04EC0-301F-11D3-BF4B-00C04F79EFBC}") = "performance_asp", "performance_asp\performance_asp.csproj", "{EA6545BB-2E3B-4EF7-84D2-B0C17BFD25A6}"
EndProject
Global
	GlobalSection(SolutionConfigurationPlatforms) = preSolution
		Debug|Any CPU = Debug|Any CPU
		Release|Any CPU = Release|Any CPU
	EndGlobalSection
	GlobalSection(ProjectConfigurationPlatforms) = postSolution
		{EA6545BB-2E3B-4EF7-84D2-B0C17BFD25A6}.Debug|Any CPU.ActiveCfg = Debug|Any CPU
		{EA6545BB-2E3B-4EF7-84D2-B0C17BFD25A6}.Debug|Any CPU.Build.0 = Debug|Any CPU
		{EA6545BB-2E3B-4EF7-84D2-B0C17BFD25A6}.Release|Any CPU.ActiveCfg = Release|Any CPU
		{EA6545BB-2E3B-4EF7-84D2-B0C17BFD25A6}.Release|Any CPU.Build.0 = Release|Any CPU
	EndGlobalSection
	GlobalSection(SolutionProperties) = preSolution
		HideSolutionNode = FALSE
	EndGlobalSection
	GlobalSection(ExtensibilityGlobals) = postSolution
		SolutionGuid = {CBB043B8-CB0D-45E5-A07E-25BBCB23659C}
	EndGlobalSection
EndGlobal
